
Microsoft Visual Studio Solution File, Format Version 12.00
# Visual Studio 15
VisualStudioVersion = 15.0.26124.0
MinimumVisualStudioVersion = 15.0.26124.0
Project("{FAE04EC0-301F-11D3-BF4B-00C04F79EFBC}") = "Day03", "Day03\Day03.csproj", "{26A194D1-DD7E-4013-9469-D5947BC89AE4}"
EndProject
Project("{FAE04EC0-301F-11D3-BF4B-00C04F79EFBC}") = "Day03.Tests", "Day03.Tests\Day03.Tests.csproj", "{E5AC4FBC-8AF4-477F-8D3D-6D9654211549}"
EndProject
Global
	GlobalSection(SolutionConfigurationPlatforms) = preSolution
		Debug|Any CPU = Debug|Any CPU
		Debug|x64 = Debug|x64
		Debug|x86 = Debug|x86
		Release|Any CPU = Release|Any CPU
		Release|x64 = Release|x64
		Release|x86 = Release|x86
	EndGlobalSection
	GlobalSection(SolutionProperties) = preSolution
		HideSolutionNode = FALSE
	EndGlobalSection
	GlobalSection(ProjectConfigurationPlatforms) = postSolution
		{26A194D1-DD7E-4013-9469-D5947BC89AE4}.Debug|Any CPU.ActiveCfg = Debug|Any CPU
		{26A194D1-DD7E-4013-9469-D5947BC89AE4}.Debug|Any CPU.Build.0 = Debug|Any CPU
		{26A194D1-DD7E-4013-9469-D5947BC89AE4}.Debug|x64.ActiveCfg = Debug|Any CPU
		{26A194D1-DD7E-4013-9469-D5947BC89AE4}.Debug|x64.Build.0 = Debug|Any CPU
		{26A194D1-DD7E-4013-9469-D5947BC89AE4}.Debug|x86.ActiveCfg = Debug|Any CPU
		{26A194D1-DD7E-4013-9469-D5947BC89AE4}.Debug|x86.Build.0 = Debug|Any CPU
		{26A194D1-DD7E-4013-9469-D5947BC89AE4}.Release|Any CPU.ActiveCfg = Release|Any CPU
		{26A194D1-DD7E-4013-9469-D5947BC89AE4}.Release|Any CPU.Build.0 = Release|Any CPU
		{26A194D1-DD7E-4013-9469-D5947BC89AE4}.Release|x64.ActiveCfg = Release|Any CPU
		{26A194D1-DD7E-4013-9469-D5947BC89AE4}.Release|x64.Build.0 = Release|Any CPU
		{26A194D1-DD7E-4013-9469-D5947BC89AE4}.Release|x86.ActiveCfg = Release|Any CPU
		{26A194D1-DD7E-4013-9469-D5947BC89AE4}.Release|x86.Build.0 = Release|Any CPU
		{E5AC4FBC-8AF4-477F-8D3D-6D9654211549}.Debug|Any CPU.ActiveCfg = Debug|Any CPU
		{E5AC4FBC-8AF4-477F-8D3D-6D9654211549}.Debug|Any CPU.Build.0 = Debug|Any CPU
		{E5AC4FBC-8AF4-477F-8D3D-6D9654211549}.Debug|x64.ActiveCfg = Debug|Any CPU
		{E5AC4FBC-8AF4-477F-8D3D-6D9654211549}.Debug|x64.Build.0 = Debug|Any CPU
		{E5AC4FBC-8AF4-477F-8D3D-6D9654211549}.Debug|x86.ActiveCfg = Debug|Any CPU
		{E5AC4FBC-8AF4-477F-8D3D-6D9654211549}.Debug|x86.Build.0 = Debug|Any CPU
		{E5AC4FBC-8AF4-477F-8D3D-6D9654211549}.Release|Any CPU.ActiveCfg = Release|Any CPU
		{E5AC4FBC-8AF4-477F-8D3D-6D9654211549}.Release|Any CPU.Build.0 = Release|Any CPU
		{E5AC4FBC-8AF4-477F-8D3D-6D9654211549}.Release|x64.ActiveCfg = Release|Any CPU
		{E5AC4FBC-8AF4-477F-8D3D-6D9654211549}.Release|x64.Build.0 = Release|Any CPU
		{E5AC4FBC-8AF4-477F-8D3D-6D9654211549}.Release|x86.ActiveCfg = Release|Any CPU
		{E5AC4FBC-8AF4-477F-8D3D-6D9654211549}.Release|x86.Build.0 = Release|Any CPU
	EndGlobalSection
EndGlobal
