
Microsoft Visual Studio Solution File, Format Version 12.00
# Visual Studio 15
VisualStudioVersion = 15.0.26124.0
MinimumVisualStudioVersion = 15.0.26124.0
Project("{FAE04EC0-301F-11D3-BF4B-00C04F79EFBC}") = "Day10", "Day10\Day10.csproj", "{7B795B98-E6C0-48FF-B0EB-B454C3034CAA}"
EndProject
Project("{FAE04EC0-301F-11D3-BF4B-00C04F79EFBC}") = "Day10.Tests", "Day10.Tests\Day10.Tests.csproj", "{054A7CC2-DC61-4F1D-A8A5-50A850C170DE}"
EndProject
Global
	GlobalSection(SolutionConfigurationPlatforms) = preSolution
		Debug|Any CPU = Debug|Any CPU
		Debug|x64 = Debug|x64
		Debug|x86 = Debug|x86
		Release|Any CPU = Release|Any CPU
		Release|x64 = Release|x64
		Release|x86 = Release|x86
	EndGlobalSection
	GlobalSection(SolutionProperties) = preSolution
		HideSolutionNode = FALSE
	EndGlobalSection
	GlobalSection(ProjectConfigurationPlatforms) = postSolution
		{7B795B98-E6C0-48FF-B0EB-B454C3034CAA}.Debug|Any CPU.ActiveCfg = Debug|Any CPU
		{7B795B98-E6C0-48FF-B0EB-B454C3034CAA}.Debug|Any CPU.Build.0 = Debug|Any CPU
		{7B795B98-E6C0-48FF-B0EB-B454C3034CAA}.Debug|x64.ActiveCfg = Debug|Any CPU
		{7B795B98-E6C0-48FF-B0EB-B454C3034CAA}.Debug|x64.Build.0 = Debug|Any CPU
		{7B795B98-E6C0-48FF-B0EB-B454C3034CAA}.Debug|x86.ActiveCfg = Debug|Any CPU
		{7B795B98-E6C0-48FF-B0EB-B454C3034CAA}.Debug|x86.Build.0 = Debug|Any CPU
		{7B795B98-E6C0-48FF-B0EB-B454C3034CAA}.Release|Any CPU.ActiveCfg = Release|Any CPU
		{7B795B98-E6C0-48FF-B0EB-B454C3034CAA}.Release|Any CPU.Build.0 = Release|Any CPU
		{7B795B98-E6C0-48FF-B0EB-B454C3034CAA}.Release|x64.ActiveCfg = Release|Any CPU
		{7B795B98-E6C0-48FF-B0EB-B454C3034CAA}.Release|x64.Build.0 = Release|Any CPU
		{7B795B98-E6C0-48FF-B0EB-B454C3034CAA}.Release|x86.ActiveCfg = Release|Any CPU
		{7B795B98-E6C0-48FF-B0EB-B454C3034CAA}.Release|x86.Build.0 = Release|Any CPU
		{054A7CC2-DC61-4F1D-A8A5-50A850C170DE}.Debug|Any CPU.ActiveCfg = Debug|Any CPU
		{054A7CC2-DC61-4F1D-A8A5-50A850C170DE}.Debug|Any CPU.Build.0 = Debug|Any CPU
		{054A7CC2-DC61-4F1D-A8A5-50A850C170DE}.Debug|x64.ActiveCfg = Debug|Any CPU
		{054A7CC2-DC61-4F1D-A8A5-50A850C170DE}.Debug|x64.Build.0 = Debug|Any CPU
		{054A7CC2-DC61-4F1D-A8A5-50A850C170DE}.Debug|x86.ActiveCfg = Debug|Any CPU
		{054A7CC2-DC61-4F1D-A8A5-50A850C170DE}.Debug|x86.Build.0 = Debug|Any CPU
		{054A7CC2-DC61-4F1D-A8A5-50A850C170DE}.Release|Any CPU.ActiveCfg = Release|Any CPU
		{054A7CC2-DC61-4F1D-A8A5-50A850C170DE}.Release|Any CPU.Build.0 = Release|Any CPU
		{054A7CC2-DC61-4F1D-A8A5-50A850C170DE}.Release|x64.ActiveCfg = Release|Any CPU
		{054A7CC2-DC61-4F1D-A8A5-50A850C170DE}.Release|x64.Build.0 = Release|Any CPU
		{054A7CC2-DC61-4F1D-A8A5-50A850C170DE}.Release|x86.ActiveCfg = Release|Any CPU
		{054A7CC2-DC61-4F1D-A8A5-50A850C170DE}.Release|x86.Build.0 = Release|Any CPU
	EndGlobalSection
EndGlobal
